
Microsoft Visual Studio Solution File, Format Version 12.00
# Visual Studio Version 16
VisualStudioVersion = 16.0.29613.14
MinimumVisualStudioVersion = 10.0.40219.1
Project("{FAE04EC0-301F-11D3-BF4B-00C04F79EFBC}") = "BlackJack", "BlackJack\BlackJack.csproj", "{6C146AA7-467A-4818-B861-C8385BE778BA}"
EndProject
Global
	GlobalSection(SolutionConfigurationPlatforms) = preSolution
		Debug|Any CPU = Debug|Any CPU
		Release|Any CPU = Release|Any CPU
	EndGlobalSection
	GlobalSection(ProjectConfigurationPlatforms) = postSolution
		{6C146AA7-467A-4818-B861-C8385BE778BA}.Debug|Any CPU.ActiveCfg = Debug|Any CPU
		{6C146AA7-467A-4818-B861-C8385BE778BA}.Debug|Any CPU.Build.0 = Debug|Any CPU
		{6C146AA7-467A-4818-B861-C8385BE778BA}.Release|Any CPU.ActiveCfg = Release|Any CPU
		{6C146AA7-467A-4818-B861-C8385BE778BA}.Release|Any CPU.Build.0 = Release|Any CPU
	EndGlobalSection
	GlobalSection(SolutionProperties) = preSolution
		HideSolutionNode = FALSE
	EndGlobalSection
	GlobalSection(ExtensibilityGlobals) = postSolution
		SolutionGuid = {08793E44-7CDC-4A21-BAB4-25AF3CE7F93B}
	EndGlobalSection
EndGlobal
